
Microsoft Visual Studio Solution File, Format Version 12.00
# Visual Studio 2013
VisualStudioVersion = 12.0.21005.1
MinimumVisualStudioVersion = 10.0.40219.1
Project("{FAE04EC0-301F-11D3-BF4B-00C04F79EFBC}") = "Full_Screen_Timer", "Full_Screen_Timer\Full_Screen_Timer.csproj", "{040D9EEB-6B0F-4EA7-A154-7CB08D81D89B}"
EndProject
Global
	GlobalSection(SolutionConfigurationPlatforms) = preSolution
		Debug|Any CPU = Debug|Any CPU
		Release|Any CPU = Release|Any CPU
	EndGlobalSection
	GlobalSection(ProjectConfigurationPlatforms) = postSolution
		{040D9EEB-6B0F-4EA7-A154-7CB08D81D89B}.Debug|Any CPU.ActiveCfg = Debug|Any CPU
		{040D9EEB-6B0F-4EA7-A154-7CB08D81D89B}.Debug|Any CPU.Build.0 = Debug|Any CPU
		{040D9EEB-6B0F-4EA7-A154-7CB08D81D89B}.Release|Any CPU.ActiveCfg = Release|Any CPU
		{040D9EEB-6B0F-4EA7-A154-7CB08D81D89B}.Release|Any CPU.Build.0 = Release|Any CPU
	EndGlobalSection
	GlobalSection(SolutionProperties) = preSolution
		HideSolutionNode = FALSE
	EndGlobalSection
EndGlobal
